Microsoft Visual Studio Solution File, Format Version 12.00
# Visual Studio Version 17
VisualStudioVersion = 17.0.31912.275
MinimumVisualStudioVersion = 10.0.40219.1
Project("{FAE04EC0-301F-11D3-BF4B-00C04F79EFBC}") = "ScottMo.Web", "src\ScottMo.Web\ScottMo.Web.csproj", "{0D9D57A0-3E0A-4C4E-A1B3-0A4C1A0CDEFA}"
EndProject
Global
	GlobalSection(SolutionConfigurationPlatforms) = preSolution
		Debug|Any CPU = Debug|Any CPU
		Release|Any CPU = Release|Any CPU
	EndGlobalSection
	GlobalSection(ProjectConfigurationPlatforms) = postSolution
		{0D9D57A0-3E0A-4C4E-A1B3-0A4C1A0CDEFA}.Debug|Any CPU.ActiveCfg = Debug|Any CPU
		{0D9D57A0-3E0A-4C4E-A1B3-0A4C1A0CDEFA}.Debug|Any CPU.Build.0 = Debug|Any CPU
		{0D9D57A0-3E0A-4C4E-A1B3-0A4C1A0CDEFA}.Release|Any CPU.ActiveCfg = Release|Any CPU
		{0D9D57A0-3E0A-4C4E-A1B3-0A4C1A0CDEFA}.Release|Any CPU.Build.0 = Release|Any CPU
	EndGlobalSection
	GlobalSection(SolutionProperties) = preSolution
		HideSolutionNode = FALSE
	EndGlobalSection
	GlobalSection(ExtensibilityGlobals) = postSolution
		SolutionGuid = {FE0669EB-8677-4A42-AA89-7E2B59A644C8}
	EndGlobalSection
EndGlobal
